
Microsoft Visual Studio Solution File, Format Version 12.00
# Blend for Visual Studio Version 17
VisualStudioVersion = 17.10.34928.147
MinimumVisualStudioVersion = 10.0.40219.1
Project("{FAE04EC0-301F-11D3-BF4B-00C04F79EFBC}") = "becometi", "becometi\becometi.csproj", "{10BA267F-7D54-490F-B12F-DBBAC95A8CEA}"
EndProject
Global
	GlobalSection(SolutionConfigurationPlatforms) = preSolution
		Debug|Any CPU = Debug|Any CPU
		Release|Any CPU = Release|Any CPU
	EndGlobalSection
	GlobalSection(ProjectConfigurationPlatforms) = postSolution
		{10BA267F-7D54-490F-B12F-DBBAC95A8CEA}.Debug|Any CPU.ActiveCfg = Debug|Any CPU
		{10BA267F-7D54-490F-B12F-DBBAC95A8CEA}.Debug|Any CPU.Build.0 = Debug|Any CPU
		{10BA267F-7D54-490F-B12F-DBBAC95A8CEA}.Release|Any CPU.ActiveCfg = Release|Any CPU
		{10BA267F-7D54-490F-B12F-DBBAC95A8CEA}.Release|Any CPU.Build.0 = Release|Any CPU
	EndGlobalSection
	GlobalSection(SolutionProperties) = preSolution
		HideSolutionNode = FALSE
	EndGlobalSection
	GlobalSection(ExtensibilityGlobals) = postSolution
		SolutionGuid = {8BBAB824-119E-4A5C-8B7B-BBEE49F3BCF2}
	EndGlobalSection
EndGlobal
